{
  "version": 4,
  "terraform_version": "1.5.7",
  "serial": 209,
  "lineage": "4d626f29-30ab-9bc4-c2c9-535255ebfd4d",
  "outputs": {},
  "resources": [
    {
      "mode": "data",
      "type": "template_file",
      "name": "network_config",
      "provider": "provider[\"registry.terraform.io/hashicorp/template\"]",
      "instances": [
        {
          "schema_version": 0,
          "attributes": {
            "filename": null,
            "id": "39a7b8f7010a19e2a15b7120c921f21f22e9352cb17ceb0d1dc66100e771fd56",
            "rendered": "version: 2\nethernets:\n  virbro:\n    dhcp4: true\n",
            "template": "version: 2\nethernets:\n  virbro:\n    dhcp4: true\n",
            "vars": null
          },
          "sensitive_attributes": []
        }
      ]
    },
    {
      "mode": "data",
      "type": "template_file",
      "name": "user_data",
      "provider": "provider[\"registry.terraform.io/hashicorp/template\"]",
      "instances": [
        {
          "schema_version": 0,
          "attributes": {
            "filename": null,
            "id": "219c2a8338dca3333c4634ec04276274072d111ad07b09310926463e07ec08d2",
            "rendered": "\n#cloud-config\n# vim: syntax=yaml\n# examples:\n# https://cloudinit.readthedocs.io/en/latest/topics/examples.html\nbootcmd:\n  - echo 192.168.1.36 gw.homedns.xyz \u003e\u003e /etc/hosts\nruncmd:\n - [ ls, -l, / ]\n - [ sh, -xc, \"echo $(date) ': hello world!'\" ]\nssh_pwauth: true\ndisable_root: false\nchpasswd:\n  list: |\n     root:azerty\n     malekgh:azerty\n  expire: false\nusers:\n  - name: malekgh\n    sudo: ALL=(ALL) NOPASSWD:ALL\n    groups: users, admin\n    home: /home/malekgh\n    shell: /bin/bash\n    lock_passwd: false\n    ssh_authorized_keys:\n     - ssh-rsa AAAAB3NzaC1yc2EAAAADAQABAAACAQCurVVrF78x3uwmNoeeaehScD4W05TRPaxXAhDx2XTeMyVTTXs3LskY1iSFAxVzHVZZcfvVh7fr8QwIyk/E7RJQyzWe9V1rb1bu3GcN8Bh/AgqcOjEjerd5lId+aP1fSyVsRBP0ga/vubUTTMgSyHFAie2CiieaYD4bkw0mNYQU0g4RcRFC55u9abgHVdfjLQNgV8vVadkTffMIpPfp96FZhPbnnk6G0ZYE/lFSD67uL3lDf66f0/Mh8v5Gr6KxsDb4jPKBBWJyRQdoHqTpJ03wv5T7N1Myp1DO11aT5aeJrii6TAHk6QnoNnjFxWGXqHLrMg/Qdph8O5GZenTpRKOqdmbglC3UTRl/4AjTFl7VDAgUU7COTNFXZtVafEamLbThHtAiUKfOrxL+N4bEhNhUjpeU/89WcTA6WbcxG71nnH1gbj/BlHi+oqrEGR8M0iOyJCNI9zt0X9bc5gd/0zY1yvEBb32/TAoC67jKkGQuoVzXVQyHdNR/DdpSV4melFGaGBod8RyaClo4yvqmlenpJuVA3FQvvRJ7k20pgX0NHFG6Dn8VoGn2Wn9OTOfIhdxEAzjLDHm+haoQDh3r81YRG2mhtkKdmDrlu+SZAvac6A1YqeamwWlNZzwx0YnYF6BrfvfdKkOYfZhtnqJLqVTpoYExzyjskWDw7RtvVYepMw== malekgh@hp-malek\n\nfinal_message: \"The system is finally up, after $UPTIME seconds\"\n\n",
            "template": "\n#cloud-config\n# vim: syntax=yaml\n# examples:\n# https://cloudinit.readthedocs.io/en/latest/topics/examples.html\nbootcmd:\n  - echo 192.168.1.36 gw.homedns.xyz \u003e\u003e /etc/hosts\nruncmd:\n - [ ls, -l, / ]\n - [ sh, -xc, \"echo $(date) ': hello world!'\" ]\nssh_pwauth: true\ndisable_root: false\nchpasswd:\n  list: |\n     root:azerty\n     malekgh:azerty\n  expire: false\nusers:\n  - name: malekgh\n    sudo: ALL=(ALL) NOPASSWD:ALL\n    groups: users, admin\n    home: /home/malekgh\n    shell: /bin/bash\n    lock_passwd: false\n    ssh_authorized_keys:\n     - ssh-rsa AAAAB3NzaC1yc2EAAAADAQABAAACAQCurVVrF78x3uwmNoeeaehScD4W05TRPaxXAhDx2XTeMyVTTXs3LskY1iSFAxVzHVZZcfvVh7fr8QwIyk/E7RJQyzWe9V1rb1bu3GcN8Bh/AgqcOjEjerd5lId+aP1fSyVsRBP0ga/vubUTTMgSyHFAie2CiieaYD4bkw0mNYQU0g4RcRFC55u9abgHVdfjLQNgV8vVadkTffMIpPfp96FZhPbnnk6G0ZYE/lFSD67uL3lDf66f0/Mh8v5Gr6KxsDb4jPKBBWJyRQdoHqTpJ03wv5T7N1Myp1DO11aT5aeJrii6TAHk6QnoNnjFxWGXqHLrMg/Qdph8O5GZenTpRKOqdmbglC3UTRl/4AjTFl7VDAgUU7COTNFXZtVafEamLbThHtAiUKfOrxL+N4bEhNhUjpeU/89WcTA6WbcxG71nnH1gbj/BlHi+oqrEGR8M0iOyJCNI9zt0X9bc5gd/0zY1yvEBb32/TAoC67jKkGQuoVzXVQyHdNR/DdpSV4melFGaGBod8RyaClo4yvqmlenpJuVA3FQvvRJ7k20pgX0NHFG6Dn8VoGn2Wn9OTOfIhdxEAzjLDHm+haoQDh3r81YRG2mhtkKdmDrlu+SZAvac6A1YqeamwWlNZzwx0YnYF6BrfvfdKkOYfZhtnqJLqVTpoYExzyjskWDw7RtvVYepMw== malekgh@hp-malek\n\nfinal_message: \"The system is finally up, after $UPTIME seconds\"\n\n",
            "vars": null
          },
          "sensitive_attributes": []
        }
      ]
    },
    {
      "mode": "managed",
      "type": "libvirt_cloudinit_disk",
      "name": "commoninit",
      "provider": "provider[\"registry.terraform.io/dmacvicar/libvirt\"]",
      "instances": [
        {
          "schema_version": 0,
          "attributes": {
            "id": "/opt/kvm/pool1/commoninit.iso;89642f81-2d99-452f-b423-21495f04de6a",
            "meta_data": "",
            "name": "commoninit.iso",
            "network_config": "version: 2\nethernets:\n  virbro:\n    dhcp4: true\n",
            "pool": "vm",
            "user_data": "\n#cloud-config\n# vim: syntax=yaml\n# examples:\n# https://cloudinit.readthedocs.io/en/latest/topics/examples.html\nbootcmd:\n  - echo 192.168.1.36 gw.homedns.xyz \u003e\u003e /etc/hosts\nruncmd:\n - [ ls, -l, / ]\n - [ sh, -xc, \"echo $(date) ': hello world!'\" ]\nssh_pwauth: true\ndisable_root: false\nchpasswd:\n  list: |\n     root:azerty\n     malekgh:azerty\n  expire: false\nusers:\n  - name: malekgh\n    sudo: ALL=(ALL) NOPASSWD:ALL\n    groups: users, admin\n    home: /home/malekgh\n    shell: /bin/bash\n    lock_passwd: false\n    ssh_authorized_keys:\n     - ssh-rsa AAAAB3NzaC1yc2EAAAADAQABAAACAQCurVVrF78x3uwmNoeeaehScD4W05TRPaxXAhDx2XTeMyVTTXs3LskY1iSFAxVzHVZZcfvVh7fr8QwIyk/E7RJQyzWe9V1rb1bu3GcN8Bh/AgqcOjEjerd5lId+aP1fSyVsRBP0ga/vubUTTMgSyHFAie2CiieaYD4bkw0mNYQU0g4RcRFC55u9abgHVdfjLQNgV8vVadkTffMIpPfp96FZhPbnnk6G0ZYE/lFSD67uL3lDf66f0/Mh8v5Gr6KxsDb4jPKBBWJyRQdoHqTpJ03wv5T7N1Myp1DO11aT5aeJrii6TAHk6QnoNnjFxWGXqHLrMg/Qdph8O5GZenTpRKOqdmbglC3UTRl/4AjTFl7VDAgUU7COTNFXZtVafEamLbThHtAiUKfOrxL+N4bEhNhUjpeU/89WcTA6WbcxG71nnH1gbj/BlHi+oqrEGR8M0iOyJCNI9zt0X9bc5gd/0zY1yvEBb32/TAoC67jKkGQuoVzXVQyHdNR/DdpSV4melFGaGBod8RyaClo4yvqmlenpJuVA3FQvvRJ7k20pgX0NHFG6Dn8VoGn2Wn9OTOfIhdxEAzjLDHm+haoQDh3r81YRG2mhtkKdmDrlu+SZAvac6A1YqeamwWlNZzwx0YnYF6BrfvfdKkOYfZhtnqJLqVTpoYExzyjskWDw7RtvVYepMw== malekgh@hp-malek\n\nfinal_message: \"The system is finally up, after $UPTIME seconds\"\n\n"
          },
          "sensitive_attributes": [],
          "private": "bnVsbA==",
          "dependencies": [
            "data.template_file.network_config",
            "data.template_file.user_data",
            "libvirt_pool.vm"
          ]
        }
      ]
    },
    {
      "mode": "managed",
      "type": "libvirt_domain",
      "name": "domain-vm",
      "provider": "provider[\"registry.terraform.io/dmacvicar/libvirt\"]",
      "instances": [
        {
          "status": "tainted",
          "schema_version": 0,
          "attributes": {
            "arch": "x86_64",
            "autostart": null,
            "boot_device": [],
            "cloudinit": "/opt/kvm/pool1/commoninit.iso;89642f81-2d99-452f-b423-21495f04de6a",
            "cmdline": null,
            "console": [
              {
                "source_host": "127.0.0.1",
                "source_path": "",
                "source_service": "0",
                "target_port": "0",
                "target_type": "serial",
                "type": "pty"
              },
              {
                "source_host": "127.0.0.1",
                "source_path": "",
                "source_service": "0",
                "target_port": "1",
                "target_type": "virtio",
                "type": "pty"
              }
            ],
            "coreos_ignition": null,
            "cpu": [],
            "description": "",
            "disk": [
              {
                "block_device": "",
                "file": "",
                "scsi": false,
                "url": "",
                "volume_id": "/opt/kvm/pool1/vm-qcow2",
                "wwn": ""
              }
            ],
            "emulator": "/usr/bin/qemu-system-x86_64",
            "filesystem": [],
            "firmware": "",
            "fw_cfg_name": "opt/com.coreos/config",
            "graphics": [
              {
                "autoport": true,
                "listen_address": "127.0.0.1",
                "listen_type": "address",
                "type": "vnc",
                "websocket": 0
              }
            ],
            "id": "e28d7a31-cb2d-46d9-8cd0-233897616a97",
            "initrd": "",
            "kernel": "",
            "machine": "ubuntu",
            "memory": 512,
            "metadata": null,
            "name": "terraform-kvm",
            "network_interface": [
              {
                "addresses": [
                  "192.168.122.185"
                ],
                "bridge": "",
                "hostname": "terraform-kvm",
                "mac": "52:54:00:96:98:DE",
                "macvtap": "",
                "network_id": "56562b31-6a0e-4753-aef9-05c1806fe3b0",
                "network_name": "default",
                "passthrough": "",
                "vepa": "",
                "wait_for_lease": true
              }
            ],
            "nvram": [],
            "qemu_agent": false,
            "running": true,
            "timeouts": null,
            "tpm": [],
            "vcpu": 1,
            "video": [],
            "xml": []
          },
          "sensitive_attributes": [],
          "private": "eyJlMmJmYjczMC1lY2FhLTExZTYtOGY4OC0zNDM2M2JjN2M0YzAiOnsiY3JlYXRlIjozMDAwMDAwMDAwMDB9fQ==",
          "dependencies": [
            "libvirt_cloudinit_disk.commoninit",
            "libvirt_volume.vm-qcow2"
          ]
        }
      ]
    },
    {
      "mode": "managed",
      "type": "libvirt_pool",
      "name": "vm",
      "provider": "provider[\"registry.terraform.io/dmacvicar/libvirt\"]",
      "instances": [
        {
          "schema_version": 0,
          "attributes": {
            "allocation": 52828590080,
            "available": null,
            "capacity": 502392610816,
            "id": "67ba9047-11f3-46da-a970-d25536f933b0",
            "name": "vm",
            "path": "/opt/kvm/pool1",
            "type": "dir",
            "xml": []
          },
          "sensitive_attributes": [],
          "private": "bnVsbA=="
        }
      ]
    },
    {
      "mode": "managed",
      "type": "libvirt_volume",
      "name": "vm-qcow2",
      "provider": "provider[\"registry.terraform.io/dmacvicar/libvirt\"]",
      "instances": [
        {
          "schema_version": 0,
          "attributes": {
            "base_volume_id": null,
            "base_volume_name": null,
            "base_volume_pool": null,
            "format": "qcow2",
            "id": "/opt/kvm/pool1/vm-qcow2",
            "name": "vm-qcow2",
            "pool": "vm",
            "size": 8589934592,
            "source": "https://cloud.centos.org/centos/7/images/CentOS-7-x86_64-GenericCloud-1601.qcow2",
            "xml": []
          },
          "sensitive_attributes": [],
          "private": "bnVsbA==",
          "dependencies": [
            "libvirt_pool.vm"
          ]
        }
      ]
    }
  ],
  "check_results": null
}
